// !$*UTF8*$!
{
	archiveVersion = 1;
	classes = {
	};
	objectVersion = 46;
	objects = {

/* Begin PBXBuildFile section */
		541392E91DABA67A008F51D5 /* AppDelegate.swift in Sources */ = {isa = PBXBuildFile; fileRef = 541392E81DABA67A008F51D5 /* AppDelegate.swift */; };
		541392EB1DABA67A008F51D5 /* ViewController.swift in Sources */ = {isa = PBXBuildFile; fileRef = 541392EA1DABA67A008F51D5 /* ViewController.swift */; };
		541392EE1DABA67A008F51D5 /* Main.storyboard in Resources */ = {isa = PBXBuildFile; fileRef = 541392EC1DABA67A008F51D5 /* Main.storyboard */; };
		541392F01DABA67A008F51D5 /* Assets.xcassets in Resources */ = {isa = PBXBuildFile; fileRef = 541392EF1DABA67A008F51D5 /* Assets.xcassets */; };
		541392F31DABA67A008F51D5 /* LaunchScreen.storyboard in Resources */ = {isa = PBXBuildFile; fileRef = 541392F11DABA67A008F51D5 /* LaunchScreen.storyboard */; };
		541392FB1DABCA63008F51D5 /* pokemon.csv in Resources */ = {isa = PBXBuildFile; fileRef = 541392FA1DABCA63008F51D5 /* pokemon.csv */; };
/* End PBXBuildFile section */

/* Begin PBXFileReference section */
		541392E51DABA67A008F51D5 /* Pokedex.app */ = {isa = PBXFileReference; explicitFileType = wrapper.application; includeInIndex = 0; path = Pokedex.app; sourceTree = BUILT_PRODUCTS_DIR; };
		541392E81DABA67A008F51D5 /* AppDelegate.swift */ = {isa = PBXFileReference; lastKnownFileType = sourcecode.swift; path = AppDelegate.swift; sourceTree = "<group>"; };
		541392EA1DABA67A008F51D5 /* ViewController.swift */ = {isa = PBXFileReference; lastKnownFileType = sourcecode.swift; path = ViewController.swift; sourceTree = "<group>"; };
		541392ED1DABA67A008F51D5 /* Base */ = {isa = PBXFileReference; lastKnownFileType = file.storyboard; name = Base; path = Base.lproj/Main.storyboard; sourceTree = "<group>"; };
		541392EF1DABA67A008F51D5 /* Assets.xcassets */ = {isa = PBXFileReference; lastKnownFileType = folder.assetcatalog; path = Assets.xcassets; sourceTree = "<group>"; };
		541392F21DABA67A008F51D5 /* Base */ = {isa = PBXFileReference; lastKnownFileType = file.storyboard; name = Base; path = Base.lproj/LaunchScreen.storyboard; sourceTree = "<group>"; };
		541392F41DABA67A008F51D5 /* Info.plist */ = {isa = PBXFileReference; lastKnownFileType = text.plist.xml; path = Info.plist; sourceTree = "<group>"; };
		541392FA1DABCA63008F51D5 /* pokemon.csv */ = {isa = PBXFileReference; fileEncoding = 4; lastKnownFileType = text; path = pokemon.csv; sourceTree = "<group>"; };
/* End PBXFileReference section */

/* Begin PBXFrameworksBuildPhase section */
		541392E21DABA67A008F51D5 /* Frameworks */ = {
			isa = PBXFrameworksBuildPhase;
			buildActionMask = 2147483647;
			files = (
			);
			runOnlyForDeploymentPostprocessing = 0;
		};
/* End PBXFrameworksBuildPhase section */

/* Begin PBXGroup section */
		541392DC1DABA67A008F51D5 = {
			isa = PBXGroup;
			children = (
				541392E71DABA67A008F51D5 /* Pokedex */,
				541392E61DABA67A008F51D5 /* Products */,
			);
			sourceTree = "<group>";
		};
		541392E61DABA67A008F51D5 /* Products */ = {
			isa = PBXGroup;
			children = (
				541392E51DABA67A008F51D5 /* Pokedex.app */,
			);
			name = Products;
			sourceTree = "<group>";
		};
		541392E71DABA67A008F51D5 /* Pokedex */ = {
			isa = PBXGroup;
			children = (
				541392FA1DABCA63008F51D5 /* pokemon.csv */,
				541392E81DABA67A008F51D5 /* AppDelegate.swift */,
				541392EA1DABA67A008F51D5 /* ViewController.swift */,
				541392EC1DABA67A008F51D5 /* Main.storyboard */,
				541392EF1DABA67A008F51D5 /* Assets.xcassets */,
				541392F11DABA67A008F51D5 /* LaunchScreen.storyboard */,
				541392F41DABA67A008F51D5 /* Info.plist */,
			);
			path = Pokedex;
			sourceTree = "<group>";
		};
/* End PBXGroup section */

/* Begin PBXNativeTarget section */
		541392E41DABA67A008F51D5 /* Pokedex */ = {
			isa = PBXNativeTarget;
			buildConfigurationList = 541392F71DABA67A008F51D5 /* Build configuration list for PBXNativeTarget "Pokedex" */;
			buildPhases = (
				541392E11DABA67A008F51D5 /* Sources */,
				541392E21DABA67A008F51D5 /* Frameworks */,
				541392E31DABA67A008F51D5 /* Resources */,
			);
			buildRules = (
			);
			dependencies = (
			);
			name = Pokedex;
			productName = Pokedex;
			productReference = 541392E51DABA67A008F51D5 /* Pokedex.app */;
			productType = "com.apple.product-type.application";
		};
/* End PBXNativeTarget section */

/* Begin PBXProject section */
		541392DD1DABA67A008F51D5 /* Project object */ = {
			isa = PBXProject;
			attributes = {
				LastSwiftUpdateCheck = 0800;
				LastUpgradeCheck = 0800;
				ORGANIZATIONNAME = "Hashim Ikram";
				TargetAttributes = {
					541392E41DABA67A008F51D5 = {
						CreatedOnToolsVersion = 8.0;
						DevelopmentTeam = 2553ZXAMLS;
						ProvisioningStyle = Automatic;
					};
				};
			};
			buildConfigurationList = 541392E01DABA67A008F51D5 /* Build configuration list for PBXProject "Pokedex" */;
			compatibilityVersion = "Xcode 3.2";
			developmentRegion = English;
			hasScannedForEncodings = 0;
			knownRegions = (
				en,
				Base,
			);
			mainGroup = 541392DC1DABA67A008F51D5;
			productRefGroup = 541392E61DABA67A008F51D5 /* Products */;
			projectDirPath = "";
			projectRoot = "";
			targets = (
				541392E41DABA67A008F51D5 /* Pokedex */,
			);
		};
/* End PBXProject section */

/* Begin PBXResourcesBuildPhase section */
		541392E31DABA67A008F51D5 /* Resources */ = {
			isa = PBXResourcesBuildPhase;
			buildActionMask = 2147483647;
			files = (
				541392F31DABA67A008F51D5 /* LaunchScreen.storyboard in Resources */,
				541392F01DABA67A008F51D5 /* Assets.xcassets in Resources */,
				541392FB1DABCA63008F51D5 /* pokemon.csv in Resources */,
				541392EE1DABA67A008F51D5 /* Main.storyboard in Resources */,
			);
			runOnlyForDeploymentPostprocessing = 0;
		};
/* End PBXResourcesBuildPhase section */

/* Begin PBXSourcesBuildPhase section */
		541392E11DABA67A008F51D5 /* Sources */ = {
			isa = PBXSourcesBuildPhase;
			buildActionMask = 2147483647;
			files = (
				541392EB1DABA67A008F51D5 /* ViewController.swift in Sources */,
				541392E91DABA67A008F51D5 /* AppDelegate.swift in Sources */,
			);
			runOnlyForDeploymentPostprocessing = 0;
		};
/* End PBXSourcesBuildPhase section */

/* Begin PBXVariantGroup section */
		541392EC1DABA67A008F51D5 /* Main.storyboard */ = {
			isa = PBXVariantGroup;
			children = (
				541392ED1DABA67A008F51D5 /* Base */,
			);
			name = Main.storyboard;
			sourceTree = "<group>";
		};
		541392F11DABA67A008F51D5 /* LaunchScreen.storyboard */ = {
			isa = PBXVariantGroup;
			children = (
				541392F21DABA67A008F51D5 /* Base */,
			);
			name = LaunchScreen.storyboard;
			sourceTree = "<group>";
		};
/* End PBXVariantGroup section */

/* Begin XCBuildConfiguration section */
		541392F51DABA67A008F51D5 /* Debug */ = {
			isa = XCBuildConfiguration;
			buildSettings = {
				ALWAYS_SEARCH_USER_PATHS = NO;
				CLANG_ANALYZER_NONNULL = YES;
				CLANG_CXX_LANGUAGE_STANDARD = "gnu++0x";
				CLANG_CXX_LIBRARY = "libc++";
				CLANG_ENABLE_MODULES = YES;
				CLANG_ENABLE_OBJC_ARC = YES;
				CLANG_WARN_BOOL_CONVERSION = YES;
				CLANG_WARN_CONSTANT_CONVERSION = YES;
				CLANG_WARN_DIRECT_OBJC_ISA_USAGE = YES_ERROR;
				CLANG_WARN_DOCUMENTATION_COMMENTS = YES;
				CLANG_WARN_EMPTY_BODY = YES;
				CLANG_WARN_ENUM_CONVERSION = YES;
				CLANG_WARN_INFINITE_RECURSION = YES;
				CLANG_WARN_INT_CONVERSION = YES;
				CLANG_WARN_OBJC_ROOT_CLASS = YES_ERROR;
				CLANG_WARN_SUSPICIOUS_MOVES = YES;
				CLANG_WARN_UNREACHABLE_CODE = YES;
				CLANG_WARN__DUPLICATE_METHOD_MATCH = YES;
				"CODE_SIGN_IDENTITY[sdk=iphoneos*]" = "iPhone Developer";
				COPY_PHASE_STRIP = NO;
				DEBUG_INFORMATION_FORMAT = dwarf;
				ENABLE_STRICT_OBJC_MSGSEND = YES;
				ENABLE_TESTABILITY = YES;
				GCC_C_LANGUAGE_STANDARD = gnu99;
				GCC_DYNAMIC_NO_PIC = NO;
				GCC_NO_COMMON_BLOCKS = YES;
				GCC_OPTIMIZATION_LEVEL = 0;
				GCC_PREPROCESSOR_DEFINITIONS = (
					"DEBUG=1",
					"$(inherited)",
				);
				GCC_WARN_64_TO_32_BIT_CONVERSION = YES;
				GCC_WARN_ABOUT_RETURN_TYPE = YES_ERROR;
				GCC_WARN_UNDECLARED_SELECTOR = YES;
				GCC_WARN_UNINITIALIZED_AUTOS = YES_AGGRESSIVE;
				GCC_WARN_UNUSED_FUNCTION = YES;
				GCC_WARN_UNUSED_VARIABLE = YES;
				IPHONEOS_DEPLOYMENT_TARGET = 10.0;
				MTL_ENABLE_DEBUG_INFO = YES;
				ONLY_ACTIVE_ARCH = YES;
				SDKROOT = iphoneos;
				SWIFT_ACTIVE_COMPILATION_CONDITIONS = DEBUG;
				SWIFT_OPTIMIZATION_LEVEL = "-Onone";
				TARGETED_DEVICE_FAMILY = "1,2";
			};
			name = Debug;
		};
		541392F61DABA67A008F51D5 /* Release */ = {
			isa = XCBuildConfiguration;
			buildSettings = {
				ALWAYS_SEARCH_USER_PATHS = NO;
				CLANG_ANALYZER_NONNULL = YES;
				CLANG_CXX_LANGUAGE_STANDARD = "gnu++0x";
				CLANG_CXX_LIBRARY = "libc++";
				CLANG_ENABLE_MODULES = YES;
				CLANG_ENABLE_OBJC_ARC = YES;
				CLANG_WARN_BOOL_CONVERSION = YES;
				CLANG_WARN_CONSTANT_CONVERSION = YES;
				CLANG_WARN_DIRECT_OBJC_ISA_USAGE = YES_ERROR;
				CLANG_WARN_DOCUMENTATION_COMMENTS = YES;
				CLANG_WARN_EMPTY_BODY = YES;
				CLANG_WARN_ENUM_CONVERSION = YES;
				CLANG_WARN_INFINITE_RECURSION = YES;
				CLANG_WARN_INT_CONVERSION = YES;
				CLANG_WARN_OBJC_ROOT_CLASS = YES_ERROR;
				CLANG_WARN_SUSPICIOUS_MOVES = YES;
				CLANG_WARN_UNREACHABLE_CODE = YES;
				CLANG_WARN__DUPLICATE_METHOD_MATCH = YES;
				"CODE_SIGN_IDENTITY[sdk=iphoneos*]" = "iPhone Developer";
				COPY_PHASE_STRIP = NO;
				DEBUG_INFORMATION_FORMAT = "dwarf-with-dsym";
				ENABLE_NS_ASSERTIONS = NO;
				ENABLE_STRICT_OBJC_MSGSEND = YES;
				GCC_C_LANGUAGE_STANDARD = gnu99;
				GCC_NO_COMMON_BLOCKS = YES;
				GCC_WARN_64_TO_32_BIT_CONVERSION = YES;
				GCC_WARN_ABOUT_RETURN_TYPE = YES_ERROR;
				GCC_WARN_UNDECLARED_SELECTOR = YES;
				GCC_WARN_UNINITIALIZED_AUTOS = YES_AGGRESSIVE;
				GCC_WARN_UNUSED_FUNCTION = YES;
				GCC_WARN_UNUSED_VARIABLE = YES;
				IPHONEOS_DEPLOYMENT_TARGET = 10.0;
				MTL_ENABLE_DEBUG_INFO = NO;
				SDKROOT = iphoneos;
				SWIFT_OPTIMIZATION_LEVEL = "-Owholemodule";
				TARGETED_DEVICE_FAMILY = "1,2";
				VALIDATE_PRODUCT = YES;
			};
			name = Release;
		};
		541392F81DABA67A008F51D5 /* Debug */ = {
			isa = XCBuildConfiguration;
			buildSettings = {
				ASSETCATALOG_COMPILER_APPICON_NAME = AppIcon;
				DEVELOPMENT_TEAM = 2553ZXAMLS;
				INFOPLIST_FILE = Pokedex/Info.plist;
				LD_RUNPATH_SEARCH_PATHS = "$(inherited) @executable_path/Frameworks";
				PRODUCT_BUNDLE_IDENTIFIER = com.hashimikram.Pokedex;
				PRODUCT_NAME = "$(TARGET_NAME)";
				SWIFT_VERSION = 3.0;
			};
			name = Debug;
		};
		541392F91DABA67A008F51D5 /* Release */ = {
			isa = XCBuildConfiguration;
			buildSettings = {
				ASSETCATALOG_COMPILER_APPICON_NAME = AppIcon;
				DEVELOPMENT_TEAM = 2553ZXAMLS;
				INFOPLIST_FILE = Pokedex/Info.plist;
				LD_RUNPATH_SEARCH_PATHS = "$(inherited) @executable_path/Frameworks";
				PRODUCT_BUNDLE_IDENTIFIER = com.hashimikram.Pokedex;
				PRODUCT_NAME = "$(TARGET_NAME)";
				SWIFT_VERSION = 3.0;
			};
			name = Release;
		};
/* End XCBuildConfiguration section */

/* Begin XCConfigurationList section */
		541392E01DABA67A008F51D5 /* Build configuration list for PBXProject "Pokedex" */ = {
			isa = XCConfigurationList;
			buildConfigurations = (
				541392F51DABA67A008F51D5 /* Debug */,
				541392F61DABA67A008F51D5 /* Release */,
			);
			defaultConfigurationIsVisible = 0;
			defaultConfigurationName = Release;
		};
		541392F71DABA67A008F51D5 /* Build configuration list for PBXNativeTarget "Pokedex" */ = {
			isa = XCConfigurationList;
			buildConfigurations = (
				541392F81DABA67A008F51D5 /* Debug */,
				541392F91DABA67A008F51D5 /* Release */,
			);
			defaultConfigurationIsVisible = 0;
		};
/* End XCConfigurationList section */
	};
	rootObject = 541392DD1DABA67A008F51D5 /* Project object */;
}
